
Microsoft Visual Studio Solution File, Format Version 12.00
# Visual Studio Version 16
VisualStudioVersion = 16.0.34902.97
MinimumVisualStudioVersion = 10.0.40219.1
Project("{FAE04EC0-301F-11D3-BF4B-00C04F79EFBC}") = "WebApplication1", "WebApplication1.csproj", "{A6B507B5-20DC-4D15-967D-6AB1AD740040}"
EndProject
Global
	GlobalSection(SolutionConfigurationPlatforms) = preSolution
		Debug|Any CPU = Debug|Any CPU
		Release|Any CPU = Release|Any CPU
	EndGlobalSection
	GlobalSection(ProjectConfigurationPlatforms) = postSolution
		{A6B507B5-20DC-4D15-967D-6AB1AD740040}.Debug|Any CPU.ActiveCfg = Debug|Any CPU
		{A6B507B5-20DC-4D15-967D-6AB1AD740040}.Debug|Any CPU.Build.0 = Debug|Any CPU
		{A6B507B5-20DC-4D15-967D-6AB1AD740040}.Release|Any CPU.ActiveCfg = Release|Any CPU
		{A6B507B5-20DC-4D15-967D-6AB1AD740040}.Release|Any CPU.Build.0 = Release|Any CPU
	EndGlobalSection
	GlobalSection(SolutionProperties) = preSolution
		HideSolutionNode = FALSE
	EndGlobalSection
	GlobalSection(ExtensibilityGlobals) = postSolution
		SolutionGuid = {CE5C27E1-3FA4-45DF-8F5F-8A69E5E7206C}
	EndGlobalSection
EndGlobal
